
Microsoft Visual Studio Solution File, Format Version 11.00
# Visual C# Express 2010
Project("{FAE04EC0-301F-11D3-BF4B-00C04F79EFBC}") = "UpgradeBox", "UpgradeBox\UpgradeBox.csproj", "{0499247E-8600-4AFB-A7D6-C11EE7340320}"
EndProject
Global
	GlobalSection(SolutionConfigurationPlatforms) = preSolution
		Debug|Any CPU = Debug|Any CPU
		Release|Any CPU = Release|Any CPU
	EndGlobalSection
	GlobalSection(ProjectConfigurationPlatforms) = postSolution
		{0499247E-8600-4AFB-A7D6-C11EE7340320}.Debug|Any CPU.ActiveCfg = Debug|Any CPU
		{0499247E-8600-4AFB-A7D6-C11EE7340320}.Debug|Any CPU.Build.0 = Debug|Any CPU
		{0499247E-8600-4AFB-A7D6-C11EE7340320}.Release|Any CPU.ActiveCfg = Release|Any CPU
		{0499247E-8600-4AFB-A7D6-C11EE7340320}.Release|Any CPU.Build.0 = Release|Any CPU
	EndGlobalSection
	GlobalSection(SolutionProperties) = preSolution
		HideSolutionNode = FALSE
	EndGlobalSection
EndGlobal
